name: Nix Flake Lock Update
on:
  workflow_dispatch: # manual triggering
  schedule:
    - cron: "0 6 2 * *" # every 2nd of month @ At 06:00

permissions:
  contents: write
  pull-requests: write

jobs:
  update-lockfile:
    runs-on: ubuntu-latest
    steps:
      - uses: actions/checkout@v6

      - uses: DeterminateSystems/nix-installer-action@v21

      - name: Update Flake Lockfile
        id: update
        uses: DeterminateSystems/update-flake-lock@v28
        with:
          git-author-name: "anntnzrb"
          git-author-email: "anntnzrb@proton.me"
          git-committer-name: "github-actions[bot]"
          git-committer-email: "github-actions[bot]@users.noreply.github.com"
          pr-title: "chore(flake): update lockfile"
          pr-labels: |
            dependencies
            merge-queue

      - name: Enable auto-merge
        if: ${{ steps.update.outputs.pull-request-number }}
        run: gh pr merge --auto --rebase ${{ steps.update.outputs.pull-request-number }}
        env:
          GH_TOKEN: ${{ github.token }}
